
Microsoft Visual Studio Solution File, Format Version 12.00
# Visual Studio Version 16
VisualStudioVersion = 16.6.30114.105
MinimumVisualStudioVersion = 10.0.40219.1
Project("{FAE04EC0-301F-11D3-BF4B-00C04F79EFBC}") = "PocketBook.Api", "PocketBook.Api\PocketBook.Api.csproj", "{76CCE080-3660-425F-B4D7-4061DFC8261E}"
EndProject
Project("{FAE04EC0-301F-11D3-BF4B-00C04F79EFBC}") = "PocketBook.Data", "PocketBook.Data\PocketBook.Data.csproj", "{B75631DA-036D-48F9-9F4C-26515DF5E2E3}"
EndProject
Project("{FAE04EC0-301F-11D3-BF4B-00C04F79EFBC}") = "PocketBook.Domain", "PocketBook.Domain\PocketBook.Domain.csproj", "{C2267943-BAC6-4C2F-959F-EF8035AF0063}"
EndProject
Global
	GlobalSection(SolutionConfigurationPlatforms) = preSolution
		Debug|Any CPU = Debug|Any CPU
		Debug|x64 = Debug|x64
		Debug|x86 = Debug|x86
		Release|Any CPU = Release|Any CPU
		Release|x64 = Release|x64
		Release|x86 = Release|x86
	EndGlobalSection
	GlobalSection(SolutionProperties) = preSolution
		HideSolutionNode = FALSE
	EndGlobalSection
	GlobalSection(ProjectConfigurationPlatforms) = postSolution
		{76CCE080-3660-425F-B4D7-4061DFC8261E}.Debug|Any CPU.ActiveCfg = Debug|Any CPU
		{76CCE080-3660-425F-B4D7-4061DFC8261E}.Debug|Any CPU.Build.0 = Debug|Any CPU
		{76CCE080-3660-425F-B4D7-4061DFC8261E}.Debug|x64.ActiveCfg = Debug|Any CPU
		{76CCE080-3660-425F-B4D7-4061DFC8261E}.Debug|x64.Build.0 = Debug|Any CPU
		{76CCE080-3660-425F-B4D7-4061DFC8261E}.Debug|x86.ActiveCfg = Debug|Any CPU
		{76CCE080-3660-425F-B4D7-4061DFC8261E}.Debug|x86.Build.0 = Debug|Any CPU
		{76CCE080-3660-425F-B4D7-4061DFC8261E}.Release|Any CPU.ActiveCfg = Release|Any CPU
		{76CCE080-3660-425F-B4D7-4061DFC8261E}.Release|Any CPU.Build.0 = Release|Any CPU
		{76CCE080-3660-425F-B4D7-4061DFC8261E}.Release|x64.ActiveCfg = Release|Any CPU
		{76CCE080-3660-425F-B4D7-4061DFC8261E}.Release|x64.Build.0 = Release|Any CPU
		{76CCE080-3660-425F-B4D7-4061DFC8261E}.Release|x86.ActiveCfg = Release|Any CPU
		{76CCE080-3660-425F-B4D7-4061DFC8261E}.Release|x86.Build.0 = Release|Any CPU
		{B75631DA-036D-48F9-9F4C-26515DF5E2E3}.Debug|Any CPU.ActiveCfg = Debug|Any CPU
		{B75631DA-036D-48F9-9F4C-26515DF5E2E3}.Debug|Any CPU.Build.0 = Debug|Any CPU
		{B75631DA-036D-48F9-9F4C-26515DF5E2E3}.Debug|x64.ActiveCfg = Debug|Any CPU
		{B75631DA-036D-48F9-9F4C-26515DF5E2E3}.Debug|x64.Build.0 = Debug|Any CPU
		{B75631DA-036D-48F9-9F4C-26515DF5E2E3}.Debug|x86.ActiveCfg = Debug|Any CPU
		{B75631DA-036D-48F9-9F4C-26515DF5E2E3}.Debug|x86.Build.0 = Debug|Any CPU
		{B75631DA-036D-48F9-9F4C-26515DF5E2E3}.Release|Any CPU.ActiveCfg = Release|Any CPU
		{B75631DA-036D-48F9-9F4C-26515DF5E2E3}.Release|Any CPU.Build.0 = Release|Any CPU
		{B75631DA-036D-48F9-9F4C-26515DF5E2E3}.Release|x64.ActiveCfg = Release|Any CPU
		{B75631DA-036D-48F9-9F4C-26515DF5E2E3}.Release|x64.Build.0 = Release|Any CPU
		{B75631DA-036D-48F9-9F4C-26515DF5E2E3}.Release|x86.ActiveCfg = Release|Any CPU
		{B75631DA-036D-48F9-9F4C-26515DF5E2E3}.Release|x86.Build.0 = Release|Any CPU
		{C2267943-BAC6-4C2F-959F-EF8035AF0063}.Debug|Any CPU.ActiveCfg = Debug|Any CPU
		{C2267943-BAC6-4C2F-959F-EF8035AF0063}.Debug|Any CPU.Build.0 = Debug|Any CPU
		{C2267943-BAC6-4C2F-959F-EF8035AF0063}.Debug|x64.ActiveCfg = Debug|Any CPU
		{C2267943-BAC6-4C2F-959F-EF8035AF0063}.Debug|x64.Build.0 = Debug|Any CPU
		{C2267943-BAC6-4C2F-959F-EF8035AF0063}.Debug|x86.ActiveCfg = Debug|Any CPU
		{C2267943-BAC6-4C2F-959F-EF8035AF0063}.Debug|x86.Build.0 = Debug|Any CPU
		{C2267943-BAC6-4C2F-959F-EF8035AF0063}.Release|Any CPU.ActiveCfg = Release|Any CPU
		{C2267943-BAC6-4C2F-959F-EF8035AF0063}.Release|Any CPU.Build.0 = Release|Any CPU
		{C2267943-BAC6-4C2F-959F-EF8035AF0063}.Release|x64.ActiveCfg = Release|Any CPU
		{C2267943-BAC6-4C2F-959F-EF8035AF0063}.Release|x64.Build.0 = Release|Any CPU
		{C2267943-BAC6-4C2F-959F-EF8035AF0063}.Release|x86.ActiveCfg = Release|Any CPU
		{C2267943-BAC6-4C2F-959F-EF8035AF0063}.Release|x86.Build.0 = Release|Any CPU
	EndGlobalSection
EndGlobal
